
Microsoft Visual Studio Solution File, Format Version 12.00
# Visual Studio Version 17
VisualStudioVersion = 17.8.34330.188
MinimumVisualStudioVersion = 10.0.40219.1
Project("{888888A0-9F3D-457C-B088-3A5042F75D52}") = "AtomConcept", "AtomConcept.pyproj", "{74E18150-0BAA-49F4-85CF-0BA05C58C607}"
EndProject
Global
	GlobalSection(SolutionConfigurationPlatforms) = preSolution
		Debug|Any CPU = Debug|Any CPU
		Release|Any CPU = Release|Any CPU
	EndGlobalSection
	GlobalSection(ProjectConfigurationPlatforms) = postSolution
		{74E18150-0BAA-49F4-85CF-0BA05C58C607}.Debug|Any CPU.ActiveCfg = Debug|Any CPU
		{74E18150-0BAA-49F4-85CF-0BA05C58C607}.Release|Any CPU.ActiveCfg = Release|Any CPU
	EndGlobalSection
	GlobalSection(SolutionProperties) = preSolution
		HideSolutionNode = FALSE
	EndGlobalSection
	GlobalSection(ExtensibilityGlobals) = postSolution
		SolutionGuid = {C67A0D12-3EF7-48B3-BAE8-21299C48C239}
	EndGlobalSection
EndGlobal
